{
  "version": "5",
  "specifiers": {
    "npm:@supabase/supabase-js@2": "2.108.1",
    "npm:@types/node@20": "20.19.42",
    "npm:turbo@^2.3.0": "2.9.17",
    "npm:typescript@^5.6.0": "5.9.3"
  },
  "npm": {
    "@supabase/auth-js@2.108.1": {
      "integrity": "sha512-Lle5rKU8f9LF3K5dDd8Or8mkkG+ptzRZZWKPVMm9B9UuovH65Ss2+iFnQqRsCqaGouvJEcTWyl0cj2riNrrDLQ==",
      "dependencies": [
        "tslib"
      ]
    },
    "@supabase/functions-js@2.108.1": {
      "integrity": "sha512-fxBRW/A4IG7ADQztVt0NaEy5ysiO1WJ2pbldsnBchrkHuyepX0Krek9qA9T4gUQBVVTCE9Ea4pdsM5hfn3nc4A==",
      "dependencies": [
        "tslib"
      ]
    },
    "@supabase/phoenix@0.4.2": {
      "integrity": "sha512-YSAGnmDAfuleFCVt3CeurQZAhxRfXWeZIIkwp7NhYzQ1UwW6ePSnzsFAiUm/mbCkfoCf70QQHKW/K6RKh52a4A=="
    },
    "@supabase/postgrest-js@2.108.1": {
      "integrity": "sha512-9lj2MCPPMgSTaJ5y+amnhb3TWPtMFVlbDn2hmX/VV91xQU4j0AauwfMaBErHBJ+zzsSwjc0jLU+zLIZFLQzfig==",
      "dependencies": [
        "tslib"
      ]
    },
    "@supabase/realtime-js@2.108.1": {
      "integrity": "sha512-mHGGqOjwd1XTydcoffUqEMsbFQHUi6A3uhQ0EXr3iqzpLqItxKA9nbN6gIQxrZ7JRRnuUe/iOFPUkYV9Tdc5lg==",
      "dependencies": [
        "@supabase/phoenix",
        "tslib"
      ]
    },
    "@supabase/storage-js@2.108.1": {
      "integrity": "sha512-Er0SGGt85iT6ye+SSh98Az6L2CesoZJuyzEZYH2oBOAnIxa9Nn4CtwUC3veGxYggoT56X+3tVuuQeDBP8kR8sg==",
      "dependencies": [
        "iceberg-js",
        "tslib"
      ]
    },
    "@supabase/supabase-js@2.108.1": {
      "integrity": "sha512-V/1hRKLSCJ0zEL+9QFRBUtivvePfOsaAYQmC0HhFNSHC2F3xFs4jSF3YhkLmzex6E4V4FGvmBDOP72D/53NnZA==",
      "dependencies": [
        "@supabase/auth-js",
        "@supabase/functions-js",
        "@supabase/postgrest-js",
        "@supabase/realtime-js",
        "@supabase/storage-js"
      ]
    },
    "@turbo/darwin-64@2.9.17": {
      "integrity": "sha512-io5jn5RDeU+9YV78rWhwG++HD/OZ/Lxg1sg93+jDGKQNP3UDxY6RX2dmarbCILhNxNuAM8FH3WgGMY9E96Mf8w==",
      "os": ["darwin"],
      "cpu": ["x64"]
    },
    "@turbo/darwin-arm64@2.9.17": {
      "integrity": "sha512-83YZTYmN2sxFWf2LTMOwqbOvR3qZMa/TSFwnB6BHVBbIWyoPPe+TAdSTd8KevEx8ml8KkycJ/9A70DFVReyUww==",
      "os": ["darwin"],
      "cpu": ["arm64"]
    },
    "@turbo/linux-64@2.9.17": {
      "integrity": "sha512-teKfwJg0zSC+C2ZSOsX3VnAJGVgcN+pgKNmnGWzcpXQ9eIkAQtYP+getrQ2f1Tw/ePudnreQhq8tVP8S73Vy6Q==",
      "os": ["linux"],
      "cpu": ["x64"]
    },
    "@turbo/linux-arm64@2.9.17": {
      "integrity": "sha512-mqO36x2CNtJ9CCbEf5xOqH662tVSc1wB0mxh7dopBpgXg0fEifdzwX0IEAUW1WUAaNH986L7iEUUgw3HNqUWgg==",
      "os": ["linux"],
      "cpu": ["arm64"]
    },
    "@turbo/windows-64@2.9.17": {
      "integrity": "sha512-jbyoNePufyMoSSrvVr+/mglcjmya/MOgoIrSHPr67iZ1VFgrlMQXHXtptR2lR48gi+86b1XBvsviJZ9A7zrydg==",
      "os": ["win32"],
      "cpu": ["x64"]
    },
    "@turbo/windows-arm64@2.9.17": {
      "integrity": "sha512-+ql0wYc99Y2AMvyHCcC/P+xtyV4nz522L+C9HDnyi7ryHXBGM+ZjBP28M7SLBGMDImgpN8sk2szpgbvreMeXVA==",
      "os": ["win32"],
      "cpu": ["arm64"]
    },
    "@types/node@20.19.42": {
      "integrity": "sha512-5L7SUaFC1RyDraj2yRhyBzHTobyXHmohD100CChNtyPyleoq37Mqab5Gn8XEKI04dfN/oqPdpHk38MgcQWHbZg==",
      "dependencies": [
        "undici-types"
      ]
    },
    "iceberg-js@0.8.1": {
      "integrity": "sha512-1dhVQZXhcHje7798IVM+xoo/1ZdVfzOMIc8/rgVSijRK38EDqOJoGula9N/8ZI5RD8QTxNQtK/Gozpr+qUqRRA=="
    },
    "tslib@2.8.1": {
      "integrity": "sha512-oJFu94HQb+KVduSUQL7wnpmqnfmLsOA/nAh6b6EH0wCEoK0/mPeXU6c3wKDV83MkOuHPRHtSXKKU99IBazS/2w=="
    },
    "turbo@2.9.17": {
      "integrity": "sha512-91Q3KxfHJn7esFu2Ic6j9pkvQqWjncQCOp7r1gCKChRSb/+T/yIjsavAmbGLmFRKAzSjmWW/FMrcknmJ4hEOPA==",
      "optionalDependencies": [
        "@turbo/darwin-64",
        "@turbo/darwin-arm64",
        "@turbo/linux-64",
        "@turbo/linux-arm64",
        "@turbo/windows-64",
        "@turbo/windows-arm64"
      ],
      "bin": true
    },
    "typescript@5.9.3": {
      "integrity": "sha512-jl1vZzPDinLr9eUt3J/t7V6FgNEw9QjvBPdysz9KfQDD41fQrC2Y4vKQdiaUpFT4bXlb1RHhLpp8wtm6M5TgSw==",
      "bin": true
    },
    "undici-types@6.21.0": {
      "integrity": "sha512-iwDZqg0QAGrg9Rav5H4n0M64c3mkR59cJ6wQp+7C4nI0gsmExaedaYLNO44eT4AtBBwjbTiGPMlt2Md0T9H9JQ=="
    }
  },
  "workspace": {
    "packageJson": {
      "dependencies": [
        "npm:@types/node@20",
        "npm:turbo@^2.3.0",
        "npm:typescript@^5.6.0"
      ]
    }
  }
}
